Microsoft Visual Studio Solution File, Format Version 11.00
# Visual Studio 2008

Project("{D01CF8F1-AEDF-001B-53FF-20F8BFF60C3C}") = "civ0", "Assembly-CSharp-firstpass-vs.csproj", "{4F935CFB-F700-D089-019C-FC018E5619CD}"
EndProject
Project("{D01CF8F1-AEDF-001B-53FF-20F8BFF60C3C}") = "civ0", "Assembly-CSharp-vs.csproj", "{7B699D1B-87A2-E672-1011-8CD675A93026}"
EndProject
Project("{D01CF8F1-AEDF-001B-53FF-20F8BFF60C3C}") = "civ0", "Assembly-CSharp-Editor-vs.csproj", "{116463CB-3D7A-94AE-1B90-34B63074A791}"
EndProject
Global
	GlobalSection(SolutionConfigurationPlatforms) = preSolution
		Debug|Any CPU = Debug|Any CPU
		Release|Any CPU = Release|Any CPU
	EndGlobalSection
	GlobalSection(ProjectConfigurationPlatforms) = postSolution
		{4F935CFB-F700-D089-019C-FC018E5619CD}.Debug|Any CPU.ActiveCfg = Debug|Any CPU
		{4F935CFB-F700-D089-019C-FC018E5619CD}.Debug|Any CPU.Build.0 = Debug|Any CPU
		{4F935CFB-F700-D089-019C-FC018E5619CD}.Release|Any CPU.ActiveCfg = Release|Any CPU
		{4F935CFB-F700-D089-019C-FC018E5619CD}.Release|Any CPU.Build.0 = Release|Any CPU
		{7B699D1B-87A2-E672-1011-8CD675A93026}.Debug|Any CPU.ActiveCfg = Debug|Any CPU
		{7B699D1B-87A2-E672-1011-8CD675A93026}.Debug|Any CPU.Build.0 = Debug|Any CPU
		{7B699D1B-87A2-E672-1011-8CD675A93026}.Release|Any CPU.ActiveCfg = Release|Any CPU
		{7B699D1B-87A2-E672-1011-8CD675A93026}.Release|Any CPU.Build.0 = Release|Any CPU
		{116463CB-3D7A-94AE-1B90-34B63074A791}.Debug|Any CPU.ActiveCfg = Debug|Any CPU
		{116463CB-3D7A-94AE-1B90-34B63074A791}.Debug|Any CPU.Build.0 = Debug|Any CPU
		{116463CB-3D7A-94AE-1B90-34B63074A791}.Release|Any CPU.ActiveCfg = Release|Any CPU
		{116463CB-3D7A-94AE-1B90-34B63074A791}.Release|Any CPU.Build.0 = Release|Any CPU
	EndGlobalSection
	GlobalSection(SolutionProperties) = preSolution
		HideSolutionNode = FALSE
	EndGlobalSection
																																														GlobalSection(MonoDevelopProperties) = preSolution
=======
																						GlobalSection(MonoDevelopProperties) = preSolution
>>>>>>> origin/startmenu
		StartupItem = Assembly-CSharp.csproj
		Policies = $0
		$0.TextStylePolicy = $1
		$1.inheritsSet = null
		$1.scope = text/x-csharp
		$0.CSharpFormattingPolicy = $2
		$2.inheritsSet = Mono
		$2.inheritsScope = text/x-csharp
		$2.scope = text/x-csharp
		$0.TextStylePolicy = $3
		$3.FileWidth = 120
		$3.TabWidth = 4
		$3.IndentWidth = 4
		$3.EolMarker = Unix
		$3.inheritsSet = Mono
		$3.inheritsScope = text/plain
		$3.scope = text/plain
	EndGlobalSection

EndGlobal
