Microsoft Visual Studio Solution File, Format Version 11.00
# Visual Studio 2008

Project("{AD557BCA-F54A-63FE-9041-68E2F003123D}") = "CivilizationClone", "Assembly-CSharp-firstpass-vs.csproj", "{2ED7EF63-A148-E464-C701-1F6ED797132E}"
EndProject
Project("{AD557BCA-F54A-63FE-9041-68E2F003123D}") = "CivilizationClone", "Assembly-CSharp-vs.csproj", "{17839904-C9BF-2449-CC5E-26EA9F30767A}"
EndProject
Project("{AD557BCA-F54A-63FE-9041-68E2F003123D}") = "CivilizationClone", "Assembly-CSharp-Editor-vs.csproj", "{81815D66-8B3E-16F1-C0D4-9C8C3AC4F199}"
EndProject
Global
	GlobalSection(SolutionConfigurationPlatforms) = preSolution
		Debug|Any CPU = Debug|Any CPU
		Release|Any CPU = Release|Any CPU
	EndGlobalSection
	GlobalSection(ProjectConfigurationPlatforms) = postSolution
		{2ED7EF63-A148-E464-C701-1F6ED797132E}.Debug|Any CPU.ActiveCfg = Debug|Any CPU
		{2ED7EF63-A148-E464-C701-1F6ED797132E}.Debug|Any CPU.Build.0 = Debug|Any CPU
		{2ED7EF63-A148-E464-C701-1F6ED797132E}.Release|Any CPU.ActiveCfg = Release|Any CPU
		{2ED7EF63-A148-E464-C701-1F6ED797132E}.Release|Any CPU.Build.0 = Release|Any CPU
		{17839904-C9BF-2449-CC5E-26EA9F30767A}.Debug|Any CPU.ActiveCfg = Debug|Any CPU
		{17839904-C9BF-2449-CC5E-26EA9F30767A}.Debug|Any CPU.Build.0 = Debug|Any CPU
		{17839904-C9BF-2449-CC5E-26EA9F30767A}.Release|Any CPU.ActiveCfg = Release|Any CPU
		{17839904-C9BF-2449-CC5E-26EA9F30767A}.Release|Any CPU.Build.0 = Release|Any CPU
		{81815D66-8B3E-16F1-C0D4-9C8C3AC4F199}.Debug|Any CPU.ActiveCfg = Debug|Any CPU
		{81815D66-8B3E-16F1-C0D4-9C8C3AC4F199}.Debug|Any CPU.Build.0 = Debug|Any CPU
		{81815D66-8B3E-16F1-C0D4-9C8C3AC4F199}.Release|Any CPU.ActiveCfg = Release|Any CPU
		{81815D66-8B3E-16F1-C0D4-9C8C3AC4F199}.Release|Any CPU.Build.0 = Release|Any CPU
	EndGlobalSection
	GlobalSection(SolutionProperties) = preSolution
		HideSolutionNode = FALSE
	EndGlobalSection
						GlobalSection(MonoDevelopProperties) = preSolution
		StartupItem = Assembly-CSharp.csproj
		Policies = $0
		$0.TextStylePolicy = $1
		$1.inheritsSet = null
		$1.scope = text/x-csharp
		$0.CSharpFormattingPolicy = $2
		$2.inheritsSet = Mono
		$2.inheritsScope = text/x-csharp
		$2.scope = text/x-csharp
		$0.TextStylePolicy = $3
		$3.FileWidth = 120
		$3.TabWidth = 4
		$3.IndentWidth = 4
		$3.EolMarker = Unix
		$3.inheritsSet = Mono
		$3.inheritsScope = text/plain
		$3.scope = text/plain
	EndGlobalSection

EndGlobal
